{
    "h4cc/wkhtmltopdf-amd64": {
        "version": "0.12.4"
    },
    "izapbrasil/wkhtmltopdf-amd64": {
        "version": "0.12.5"
    },
    "knplabs/knp-snappy": {
        "version": "v1.1.0"
    },
    "knplabs/knp-snappy-bundle": {
        "version": "1.5",
        "recipe": {
            "repo": "github.com/symfony/recipes-contrib",
            "branch": "master",
            "version": "1.5",
            "ref": "c81bdcf4a9d4e7b1959071457f9608631865d381"
        },
        "files": [
            "./config/packages/knp_snappy.yaml"
        ]
    },
    "konekt/pdf-invoice": {
        "version": "1.4.0"
    },
    "league/uri-components": {
        "version": "1.8.2"
    },
    "league/uri-hostname-parser": {
        "version": "1.1.1"
    },
    "league/uri-interfaces": {
        "version": "1.1.1"
    },
    "league/uri-manipulations": {
        "version": "1.5.0"
    },
    "league/uri-parser": {
        "version": "1.4.1"
    },
    "league/uri-schemes": {
        "version": "1.2.1"
    },
    "psr/http-message": {
        "version": "1.0.1"
    },
    "psr/simple-cache": {
        "version": "1.0.1"
    },
    "setasign/fpdf": {
        "version": "1.8.1"
    }
}
